<?xml version="1.0" encoding="utf-8"?>
<Project ToolsVersion="4.0" xmlns="http://schemas.microsoft.com/developer/msbuild/2003">
  <ItemGroup>
    <Filter Include="Source Files">
      <UniqueIdentifier>{4FC737F1-C7A5-4376-A066-2A32D752A2FF}</UniqueIdentifier>
      <Extensions>cpp;c;cc;cxx;def;odl;idl;hpj;bat;asm;asmx</Extensions>
    </Filter>
    <Filter Include="Header Files">
      <UniqueIdentifier>{93995380-89BD-4b04-88EB-625FBE52EBFB}</UniqueIdentifier>
      <Extensions>h;hh;hpp;hxx;hm;inl;inc;ipp;xsd</Extensions>
    </Filter>
    <Filter Include="Resource Files">
      <UniqueIdentifier>{67DA6AB6-F800-4c08-8B7A-83BB121AAD01}</UniqueIdentifier>
      <Extensions>rc;ico;cur;bmp;dlg;rc2;rct;bin;rgs;gif;jpg;jpeg;jpe;resx;tiff;tif;png;wav;mfcribbon-ms</Extensions>
    </Filter>
  </ItemGroup>
  <ItemGroup>
    <ClCompile Include="main.cpp">
      <Filter>Source Files</Filter>
    </ClCompile>
    <ClCompile Include="ClassicalSearch\Utilities\Action.cpp">
      <Filter>Source Files</Filter>
    </ClCompile>
    <ClCompile Include="ClassicalSearch\Algorithm\AStarSearchAlgorithm.cpp">
      <Filter>Source Files</Filter>
    </ClCompile>
    <ClCompile Include="ClassicalSearch\Algorithm\BidirectionalSearchAlgorithm.cpp">
      <Filter>Source Files</Filter>
    </ClCompile>
    <ClCompile Include="ClassicalSearch\Algorithm\BreadthFirstSearchAlgorithm.cpp">
      <Filter>Source Files</Filter>
    </ClCompile>
    <ClCompile Include="ClassicalSearch\Algorithm\DepthFirstSearchAlgorithm.cpp">
      <Filter>Source Files</Filter>
    </ClCompile>
    <ClCompile Include="ClassicalSearch\Utilities\MinHeap.cpp">
      <Filter>Source Files</Filter>
    </ClCompile>
    <ClCompile Include="ClassicalSearch\Problem\Problem.cpp">
      <Filter>Source Files</Filter>
    </ClCompile>
    <ClCompile Include="ClassicalSearch\Algorithm\SearchAlgorithm.cpp">
      <Filter>Source Files</Filter>
    </ClCompile>
    <ClCompile Include="ClassicalSearch\Algorithm\UniformCostSearchAlgorithm.cpp">
      <Filter>Source Files</Filter>
    </ClCompile>
    <ClCompile Include="ClassicalSearch\Problem\SlidingPuzzleProblem.cpp">
      <Filter>Source Files</Filter>
    </ClCompile>
    <ClCompile Include="ClassicalSearch\Utilities\SearchNode.cpp">
      <Filter>Source Files</Filter>
    </ClCompile>
    <ClCompile Include="Utils\Utils.cpp">
      <Filter>Source Files</Filter>
    </ClCompile>
    <ClCompile Include="GeneticAlgorithm\Base\Chromosome.cpp">
      <Filter>Source Files</Filter>
    </ClCompile>
    <ClCompile Include="GeneticAlgorithm\Base\GeneticAlgorithm.cpp">
      <Filter>Source Files</Filter>
    </ClCompile>
    <ClCompile Include="GeneticAlgorithm\Samples\SampleGenes.cpp">
      <Filter>Source Files</Filter>
    </ClCompile>
    <ClCompile Include="NeuralNetwork\Base\NeuralNetworks.cpp">
      <Filter>Source Files</Filter>
    </ClCompile>
    <ClCompile Include="NeuralNetwork\Base\NeuralNetworksParameters.cpp">
      <Filter>Source Files</Filter>
    </ClCompile>
    <ClCompile Include="NeuralNetwork\Base\NeuralNetworksGenes.cpp">
      <Filter>Source Files</Filter>
    </ClCompile>
  </ItemGroup>
  <ItemGroup>
    <ClInclude Include="ClassicalSearch\Utilities\Action.h">
      <Filter>Header Files</Filter>
    </ClInclude>
    <ClInclude Include="ClassicalSearch\Algorithm\AStarSearchAlgorithm.h">
      <Filter>Header Files</Filter>
    </ClInclude>
    <ClInclude Include="ClassicalSearch\Algorithm\BidirectionalSearchAlgorithm.h">
      <Filter>Header Files</Filter>
    </ClInclude>
    <ClInclude Include="ClassicalSearch\Algorithm\BreadthFirstSearchAlgorithm.h">
      <Filter>Header Files</Filter>
    </ClInclude>
    <ClInclude Include="ClassicalSearch\Algorithm\DepthFirstSearchAlgorithm.h">
      <Filter>Header Files</Filter>
    </ClInclude>
    <ClInclude Include="ClassicalSearch\Utilities\MinHeap.h">
      <Filter>Header Files</Filter>
    </ClInclude>
    <ClInclude Include="ClassicalSearch\Problem\Problem.h">
      <Filter>Header Files</Filter>
    </ClInclude>
    <ClInclude Include="ClassicalSearch\Algorithm\SearchAlgorithm.h">
      <Filter>Header Files</Filter>
    </ClInclude>
    <ClInclude Include="ClassicalSearch\Algorithm\UniformCostSearchAlgorithm.h">
      <Filter>Header Files</Filter>
    </ClInclude>
    <ClInclude Include="ClassicalSearch\Problem\SlidingPuzzleProblem.h">
      <Filter>Header Files</Filter>
    </ClInclude>
    <ClInclude Include="ClassicalSearch\Utilities\SearchNode.h">
      <Filter>Header Files</Filter>
    </ClInclude>
    <ClInclude Include="Utils\Utils.h">
      <Filter>Header Files</Filter>
    </ClInclude>
    <ClInclude Include="GeneticAlgorithm\Base\Chromosome.h">
      <Filter>Header Files</Filter>
    </ClInclude>
    <ClInclude Include="GeneticAlgorithm\Base\GeneticAlgorithm.h">
      <Filter>Header Files</Filter>
    </ClInclude>
    <ClInclude Include="GeneticAlgorithm\Base\Genes.h">
      <Filter>Header Files</Filter>
    </ClInclude>
    <ClInclude Include="GeneticAlgorithm\Samples\SampleGenes.h">
      <Filter>Header Files</Filter>
    </ClInclude>
    <ClInclude Include="NeuralNetwork\Base\NeuralNetworks.h">
      <Filter>Header Files</Filter>
    </ClInclude>
    <ClInclude Include="NeuralNetwork\Base\NeuralNetworksData.h">
      <Filter>Header Files</Filter>
    </ClInclude>
    <ClInclude Include="NeuralNetwork\Base\NeuralNetworksParameters.h">
      <Filter>Header Files</Filter>
    </ClInclude>
    <ClInclude Include="NeuralNetwork\Base\NeuralNetworksGenes.h">
      <Filter>Header Files</Filter>
    </ClInclude>
  </ItemGroup>
</Project>